apiVersion: v1
kind: PersistentVolumeClaim
metadata:
  name: pgdata-pgbackend-0
  namespace: serverless-console
  annotations:
    volume.beta.kubernetes.io/storage-class: "ibmc-block-bronze"
  labels:
    billingType: "hourly"
spec:
  accessModes:
    - ReadWriteOnce
  resources:
    requests:
      storage: 20Gi
